// !$*UTF8*$!
{
	archiveVersion = 1;
	classes = {
	};
	objectVersion = 56;
	objects = {

/* Begin PBXBuildFile section */
		40A7203F2B4EE38C00B3836F /* IAModelApp.swift in Sources */ = {isa = PBXBuildFile; fileRef = 40A7203E2B4EE38C00B3836F /* IAModelApp.swift */; };
		40A720412B4EE38C00B3836F /* ContentView.swift in Sources */ = {isa = PBXBuildFile; fileRef = 40A720402B4EE38C00B3836F /* ContentView.swift */; };
		40A720432B4EE39000B3836F /* Assets.xcassets in Resources */ = {isa = PBXBuildFile; fileRef = 40A720422B4EE39000B3836F /* Assets.xcassets */; };
		40A720462B4EE39000B3836F /* Preview Assets.xcassets in Resources */ = {isa = PBXBuildFile; fileRef = 40A720452B4EE39000B3836F /* Preview Assets.xcassets */; };
		40A720502B4EE39000B3836F /* IAModelTests.swift in Sources */ = {isa = PBXBuildFile; fileRef = 40A7204F2B4EE39000B3836F /* IAModelTests.swift */; };
		40A7205A2B4EE39000B3836F /* IAModelUITests.swift in Sources */ = {isa = PBXBuildFile; fileRef = 40A720592B4EE39000B3836F /* IAModelUITests.swift */; };
		40A7205C2B4EE39000B3836F /* IAModelUITestsLaunchTests.swift in Sources */ = {isa = PBXBuildFile; fileRef = 40A7205B2B4EE39000B3836F /* IAModelUITestsLaunchTests.swift */; };
/* End PBXBuildFile section */

/* Begin PBXContainerItemProxy section */
		40A7204C2B4EE39000B3836F /* PBXContainerItemProxy */ = {
			isa = PBXContainerItemProxy;
			containerPortal = 40A720332B4EE38C00B3836F /* Project object */;
			proxyType = 1;
			remoteGlobalIDString = 40A7203A2B4EE38C00B3836F;
			remoteInfo = IAModel;
		};
		40A720562B4EE39000B3836F /* PBXContainerItemProxy */ = {
			isa = PBXContainerItemProxy;
			containerPortal = 40A720332B4EE38C00B3836F /* Project object */;
			proxyType = 1;
			remoteGlobalIDString = 40A7203A2B4EE38C00B3836F;
			remoteInfo = IAModel;
		};
/* End PBXContainerItemProxy section */

/* Begin PBXFileReference section */
		40A7203B2B4EE38C00B3836F /* IAModel.app */ = {isa = PBXFileReference; explicitFileType = wrapper.application; includeInIndex = 0; path = IAModel.app; sourceTree = BUILT_PRODUCTS_DIR; };
		40A7203E2B4EE38C00B3836F /* IAModelApp.swift */ = {isa = PBXFileReference; lastKnownFileType = sourcecode.swift; path = IAModelApp.swift; sourceTree = "<group>"; };
		40A720402B4EE38C00B3836F /* ContentView.swift */ = {isa = PBXFileReference; lastKnownFileType = sourcecode.swift; path = ContentView.swift; sourceTree = "<group>"; };
		40A720422B4EE39000B3836F /* Assets.xcassets */ = {isa = PBXFileReference; lastKnownFileType = folder.assetcatalog; path = Assets.xcassets; sourceTree = "<group>"; };
		40A720452B4EE39000B3836F /* Preview Assets.xcassets */ = {isa = PBXFileReference; lastKnownFileType = folder.assetcatalog; path = "Preview Assets.xcassets"; sourceTree = "<group>"; };
		40A7204B2B4EE39000B3836F /* IAModelTests.xctest */ = {isa = PBXFileReference; explicitFileType = wrapper.cfbundle; includeInIndex = 0; path = IAModelTests.xctest; sourceTree = BUILT_PRODUCTS_DIR; };
		40A7204F2B4EE39000B3836F /* IAModelTests.swift */ = {isa = PBXFileReference; lastKnownFileType = sourcecode.swift; path = IAModelTests.swift; sourceTree = "<group>"; };
		40A720552B4EE39000B3836F /* IAModelUITests.xctest */ = {isa = PBXFileReference; explicitFileType = wrapper.cfbundle; includeInIndex = 0; path = IAModelUITests.xctest; sourceTree = BUILT_PRODUCTS_DIR; };
		40A720592B4EE39000B3836F /* IAModelUITests.swift */ = {isa = PBXFileReference; lastKnownFileType = sourcecode.swift; path = IAModelUITests.swift; sourceTree = "<group>"; };
		40A7205B2B4EE39000B3836F /* IAModelUITestsLaunchTests.swift */ = {isa = PBXFileReference; lastKnownFileType = sourcecode.swift; path = IAModelUITestsLaunchTests.swift; sourceTree = "<group>"; };
/* End PBXFileReference section */

/* Begin PBXFrameworksBuildPhase section */
		40A720382B4EE38C00B3836F /* Frameworks */ = {
			isa = PBXFrameworksBuildPhase;
			buildActionMask = 2147483647;
			files = (
			);
			runOnlyForDeploymentPostprocessing = 0;
		};
		40A720482B4EE39000B3836F /* Frameworks */ = {
			isa = PBXFrameworksBuildPhase;
			buildActionMask = 2147483647;
			files = (
			);
			runOnlyForDeploymentPostprocessing = 0;
		};
		40A720522B4EE39000B3836F /* Frameworks */ = {
			isa = PBXFrameworksBuildPhase;
			buildActionMask = 2147483647;
			files = (
			);
			runOnlyForDeploymentPostprocessing = 0;
		};
/* End PBXFrameworksBuildPhase section */

/* Begin PBXGroup section */
		40A720322B4EE38C00B3836F = {
			isa = PBXGroup;
			children = (
				40A7203D2B4EE38C00B3836F /* IAModel */,
				40A7204E2B4EE39000B3836F /* IAModelTests */,
				40A720582B4EE39000B3836F /* IAModelUITests */,
				40A7203C2B4EE38C00B3836F /* Products */,
			);
			sourceTree = "<group>";
		};
		40A7203C2B4EE38C00B3836F /* Products */ = {
			isa = PBXGroup;
			children = (
				40A7203B2B4EE38C00B3836F /* IAModel.app */,
				40A7204B2B4EE39000B3836F /* IAModelTests.xctest */,
				40A720552B4EE39000B3836F /* IAModelUITests.xctest */,
			);
			name = Products;
			sourceTree = "<group>";
		};
		40A7203D2B4EE38C00B3836F /* IAModel */ = {
			isa = PBXGroup;
			children = (
				40A7203E2B4EE38C00B3836F /* IAModelApp.swift */,
				40A720402B4EE38C00B3836F /* ContentView.swift */,
				40A720422B4EE39000B3836F /* Assets.xcassets */,
				40A720442B4EE39000B3836F /* Preview Content */,
			);
			path = IAModel;
			sourceTree = "<group>";
		};
		40A720442B4EE39000B3836F /* Preview Content */ = {
			isa = PBXGroup;
			children = (
				40A720452B4EE39000B3836F /* Preview Assets.xcassets */,
			);
			path = "Preview Content";
			sourceTree = "<group>";
		};
		40A7204E2B4EE39000B3836F /* IAModelTests */ = {
			isa = PBXGroup;
			children = (
				40A7204F2B4EE39000B3836F /* IAModelTests.swift */,
			);
			path = IAModelTests;
			sourceTree = "<group>";
		};
		40A720582B4EE39000B3836F /* IAModelUITests */ = {
			isa = PBXGroup;
			children = (
				40A720592B4EE39000B3836F /* IAModelUITests.swift */,
				40A7205B2B4EE39000B3836F /* IAModelUITestsLaunchTests.swift */,
			);
			path = IAModelUITests;
			sourceTree = "<group>";
		};
/* End PBXGroup section */

/* Begin PBXNativeTarget section */
		40A7203A2B4EE38C00B3836F /* IAModel */ = {
			isa = PBXNativeTarget;
			buildConfigurationList = 40A7205F2B4EE39000B3836F /* Build configuration list for PBXNativeTarget "IAModel" */;
			buildPhases = (
				40A720372B4EE38C00B3836F /* Sources */,
				40A720382B4EE38C00B3836F /* Frameworks */,
				40A720392B4EE38C00B3836F /* Resources */,
			);
			buildRules = (
			);
			dependencies = (
			);
			name = IAModel;
			productName = IAModel;
			productReference = 40A7203B2B4EE38C00B3836F /* IAModel.app */;
			productType = "com.apple.product-type.application";
		};
		40A7204A2B4EE39000B3836F /* IAModelTests */ = {
			isa = PBXNativeTarget;
			buildConfigurationList = 40A720622B4EE39000B3836F /* Build configuration list for PBXNativeTarget "IAModelTests" */;
			buildPhases = (
				40A720472B4EE39000B3836F /* Sources */,
				40A720482B4EE39000B3836F /* Frameworks */,
				40A720492B4EE39000B3836F /* Resources */,
			);
			buildRules = (
			);
			dependencies = (
				40A7204D2B4EE39000B3836F /* PBXTargetDependency */,
			);
			name = IAModelTests;
			productName = IAModelTests;
			productReference = 40A7204B2B4EE39000B3836F /* IAModelTests.xctest */;
			productType = "com.apple.product-type.bundle.unit-test";
		};
		40A720542B4EE39000B3836F /* IAModelUITests */ = {
			isa = PBXNativeTarget;
			buildConfigurationList = 40A720652B4EE39000B3836F /* Build configuration list for PBXNativeTarget "IAModelUITests" */;
			buildPhases = (
				40A720512B4EE39000B3836F /* Sources */,
				40A720522B4EE39000B3836F /* Frameworks */,
				40A720532B4EE39000B3836F /* Resources */,
			);
			buildRules = (
			);
			dependencies = (
				40A720572B4EE39000B3836F /* PBXTargetDependency */,
			);
			name = IAModelUITests;
			productName = IAModelUITests;
			productReference = 40A720552B4EE39000B3836F /* IAModelUITests.xctest */;
			productType = "com.apple.product-type.bundle.ui-testing";
		};
/* End PBXNativeTarget section */

/* Begin PBXProject section */
		40A720332B4EE38C00B3836F /* Project object */ = {
			isa = PBXProject;
			attributes = {
				BuildIndependentTargetsInParallel = 1;
				LastSwiftUpdateCheck = 1420;
				LastUpgradeCheck = 1420;
				TargetAttributes = {
					40A7203A2B4EE38C00B3836F = {
						CreatedOnToolsVersion = 14.2;
					};
					40A7204A2B4EE39000B3836F = {
						CreatedOnToolsVersion = 14.2;
						TestTargetID = 40A7203A2B4EE38C00B3836F;
					};
					40A720542B4EE39000B3836F = {
						CreatedOnToolsVersion = 14.2;
						TestTargetID = 40A7203A2B4EE38C00B3836F;
					};
				};
			};
			buildConfigurationList = 40A720362B4EE38C00B3836F /* Build configuration list for PBXProject "IAModel" */;
			compatibilityVersion = "Xcode 14.0";
			developmentRegion = en;
			hasScannedForEncodings = 0;
			knownRegions = (
				en,
				Base,
			);
			mainGroup = 40A720322B4EE38C00B3836F;
			productRefGroup = 40A7203C2B4EE38C00B3836F /* Products */;
			projectDirPath = "";
			projectRoot = "";
			targets = (
				40A7203A2B4EE38C00B3836F /* IAModel */,
				40A7204A2B4EE39000B3836F /* IAModelTests */,
				40A720542B4EE39000B3836F /* IAModelUITests */,
			);
		};
/* End PBXProject section */

/* Begin PBXResourcesBuildPhase section */
		40A720392B4EE38C00B3836F /* Resources */ = {
			isa = PBXResourcesBuildPhase;
			buildActionMask = 2147483647;
			files = (
				40A720462B4EE39000B3836F /* Preview Assets.xcassets in Resources */,
				40A720432B4EE39000B3836F /* Assets.xcassets in Resources */,
			);
			runOnlyForDeploymentPostprocessing = 0;
		};
		40A720492B4EE39000B3836F /* Resources */ = {
			isa = PBXResourcesBuildPhase;
			buildActionMask = 2147483647;
			files = (
			);
			runOnlyForDeploymentPostprocessing = 0;
		};
		40A720532B4EE39000B3836F /* Resources */ = {
			isa = PBXResourcesBuildPhase;
			buildActionMask = 2147483647;
			files = (
			);
			runOnlyForDeploymentPostprocessing = 0;
		};
/* End PBXResourcesBuildPhase section */

/* Begin PBXSourcesBuildPhase section */
		40A720372B4EE38C00B3836F /* Sources */ = {
			isa = PBXSourcesBuildPhase;
			buildActionMask = 2147483647;
			files = (
				40A720412B4EE38C00B3836F /* ContentView.swift in Sources */,
				40A7203F2B4EE38C00B3836F /* IAModelApp.swift in Sources */,
			);
			runOnlyForDeploymentPostprocessing = 0;
		};
		40A720472B4EE39000B3836F /* Sources */ = {
			isa = PBXSourcesBuildPhase;
			buildActionMask = 2147483647;
			files = (
				40A720502B4EE39000B3836F /* IAModelTests.swift in Sources */,
			);
			runOnlyForDeploymentPostprocessing = 0;
		};
		40A720512B4EE39000B3836F /* Sources */ = {
			isa = PBXSourcesBuildPhase;
			buildActionMask = 2147483647;
			files = (
				40A7205C2B4EE39000B3836F /* IAModelUITestsLaunchTests.swift in Sources */,
				40A7205A2B4EE39000B3836F /* IAModelUITests.swift in Sources */,
			);
			runOnlyForDeploymentPostprocessing = 0;
		};
/* End PBXSourcesBuildPhase section */

/* Begin PBXTargetDependency section */
		40A7204D2B4EE39000B3836F /* PBXTargetDependency */ = {
			isa = PBXTargetDependency;
			target = 40A7203A2B4EE38C00B3836F /* IAModel */;
			targetProxy = 40A7204C2B4EE39000B3836F /* PBXContainerItemProxy */;
		};
		40A720572B4EE39000B3836F /* PBXTargetDependency */ = {
			isa = PBXTargetDependency;
			target = 40A7203A2B4EE38C00B3836F /* IAModel */;
			targetProxy = 40A720562B4EE39000B3836F /* PBXContainerItemProxy */;
		};
/* End PBXTargetDependency section */

/* Begin XCBuildConfiguration section */
		40A7205D2B4EE39000B3836F /* Debug */ = {
			isa = XCBuildConfiguration;
			buildSettings = {
				ALWAYS_SEARCH_USER_PATHS = NO;
				CLANG_ANALYZER_NONNULL = YES;
				CLANG_ANALYZER_NUMBER_OBJECT_CONVERSION = YES_AGGRESSIVE;
				CLANG_CXX_LANGUAGE_STANDARD = "gnu++20";
				CLANG_ENABLE_MODULES = YES;
				CLANG_ENABLE_OBJC_ARC = YES;
				CLANG_ENABLE_OBJC_WEAK = YES;
				CLANG_WARN_BLOCK_CAPTURE_AUTORELEASING = YES;
				CLANG_WARN_BOOL_CONVERSION = YES;
				CLANG_WARN_COMMA = YES;
				CLANG_WARN_CONSTANT_CONVERSION = YES;
				CLANG_WARN_DEPRECATED_OBJC_IMPLEMENTATIONS = YES;
				CLANG_WARN_DIRECT_OBJC_ISA_USAGE = YES_ERROR;
				CLANG_WARN_DOCUMENTATION_COMMENTS = YES;
				CLANG_WARN_EMPTY_BODY = YES;
				CLANG_WARN_ENUM_CONVERSION = YES;
				CLANG_WARN_INFINITE_RECURSION = YES;
				CLANG_WARN_INT_CONVERSION = YES;
				CLANG_WARN_NON_LITERAL_NULL_CONVERSION = YES;
				CLANG_WARN_OBJC_IMPLICIT_RETAIN_SELF = YES;
				CLANG_WARN_OBJC_LITERAL_CONVERSION = YES;
				CLANG_WARN_OBJC_ROOT_CLASS = YES_ERROR;
				CLANG_WARN_QUOTED_INCLUDE_IN_FRAMEWORK_HEADER = YES;
				CLANG_WARN_RANGE_LOOP_ANALYSIS = YES;
				CLANG_WARN_STRICT_PROTOTYPES = YES;
				CLANG_WARN_SUSPICIOUS_MOVE = YES;
				CLANG_WARN_UNGUARDED_AVAILABILITY = YES_AGGRESSIVE;
				CLANG_WARN_UNREACHABLE_CODE = YES;
				CLANG_WARN__DUPLICATE_METHOD_MATCH = YES;
				COPY_PHASE_STRIP = NO;
				DEBUG_INFORMATION_FORMAT = dwarf;
				ENABLE_STRICT_OBJC_MSGSEND = YES;
				ENABLE_TESTABILITY = YES;
				GCC_C_LANGUAGE_STANDARD = gnu11;
				GCC_DYNAMIC_NO_PIC = NO;
				GCC_NO_COMMON_BLOCKS = YES;
				GCC_OPTIMIZATION_LEVEL = 0;
				GCC_PREPROCESSOR_DEFINITIONS = (
					"DEBUG=1",
					"$(inherited)",
				);
				GCC_WARN_64_TO_32_BIT_CONVERSION = YES;
				GCC_WARN_ABOUT_RETURN_TYPE = YES_ERROR;
				GCC_WARN_UNDECLARED_SELECTOR = YES;
				GCC_WARN_UNINITIALIZED_AUTOS = YES_AGGRESSIVE;
				GCC_WARN_UNUSED_FUNCTION = YES;
				GCC_WARN_UNUSED_VARIABLE = YES;
				IPHONEOS_DEPLOYMENT_TARGET = 16.2;
				MTL_ENABLE_DEBUG_INFO = INCLUDE_SOURCE;
				MTL_FAST_MATH = YES;
				ONLY_ACTIVE_ARCH = YES;
				SDKROOT = iphoneos;
				SWIFT_ACTIVE_COMPILATION_CONDITIONS = DEBUG;
				SWIFT_OPTIMIZATION_LEVEL = "-Onone";
			};
			name = Debug;
		};
		40A7205E2B4EE39000B3836F /* Release */ = {
			isa = XCBuildConfiguration;
			buildSettings = {
				ALWAYS_SEARCH_USER_PATHS = NO;
				CLANG_ANALYZER_NONNULL = YES;
				CLANG_ANALYZER_NUMBER_OBJECT_CONVERSION = YES_AGGRESSIVE;
				CLANG_CXX_LANGUAGE_STANDARD = "gnu++20";
				CLANG_ENABLE_MODULES = YES;
				CLANG_ENABLE_OBJC_ARC = YES;
				CLANG_ENABLE_OBJC_WEAK = YES;
				CLANG_WARN_BLOCK_CAPTURE_AUTORELEASING = YES;
				CLANG_WARN_BOOL_CONVERSION = YES;
				CLANG_WARN_COMMA = YES;
				CLANG_WARN_CONSTANT_CONVERSION = YES;
				CLANG_WARN_DEPRECATED_OBJC_IMPLEMENTATIONS = YES;
				CLANG_WARN_DIRECT_OBJC_ISA_USAGE = YES_ERROR;
				CLANG_WARN_DOCUMENTATION_COMMENTS = YES;
				CLANG_WARN_EMPTY_BODY = YES;
				CLANG_WARN_ENUM_CONVERSION = YES;
				CLANG_WARN_INFINITE_RECURSION = YES;
				CLANG_WARN_INT_CONVERSION = YES;
				CLANG_WARN_NON_LITERAL_NULL_CONVERSION = YES;
				CLANG_WARN_OBJC_IMPLICIT_RETAIN_SELF = YES;
				CLANG_WARN_OBJC_LITERAL_CONVERSION = YES;
				CLANG_WARN_OBJC_ROOT_CLASS = YES_ERROR;
				CLANG_WARN_QUOTED_INCLUDE_IN_FRAMEWORK_HEADER = YES;
				CLANG_WARN_RANGE_LOOP_ANALYSIS = YES;
				CLANG_WARN_STRICT_PROTOTYPES = YES;
				CLANG_WARN_SUSPICIOUS_MOVE = YES;
				CLANG_WARN_UNGUARDED_AVAILABILITY = YES_AGGRESSIVE;
				CLANG_WARN_UNREACHABLE_CODE = YES;
				CLANG_WARN__DUPLICATE_METHOD_MATCH = YES;
				COPY_PHASE_STRIP = NO;
				DEBUG_INFORMATION_FORMAT = "dwarf-with-dsym";
				ENABLE_NS_ASSERTIONS = NO;
				ENABLE_STRICT_OBJC_MSGSEND = YES;
				GCC_C_LANGUAGE_STANDARD = gnu11;
				GCC_NO_COMMON_BLOCKS = YES;
				GCC_WARN_64_TO_32_BIT_CONVERSION = YES;
				GCC_WARN_ABOUT_RETURN_TYPE = YES_ERROR;
				GCC_WARN_UNDECLARED_SELECTOR = YES;
				GCC_WARN_UNINITIALIZED_AUTOS = YES_AGGRESSIVE;
				GCC_WARN_UNUSED_FUNCTION = YES;
				GCC_WARN_UNUSED_VARIABLE = YES;
				IPHONEOS_DEPLOYMENT_TARGET = 16.2;
				MTL_ENABLE_DEBUG_INFO = NO;
				MTL_FAST_MATH = YES;
				SDKROOT = iphoneos;
				SWIFT_COMPILATION_MODE = wholemodule;
				SWIFT_OPTIMIZATION_LEVEL = "-O";
				VALIDATE_PRODUCT = YES;
			};
			name = Release;
		};
		40A720602B4EE39000B3836F /* Debug */ = {
			isa = XCBuildConfiguration;
			buildSettings = {
				ASSETCATALOG_COMPILER_APPICON_NAME = AppIcon;
				ASSETCATALOG_COMPILER_GLOBAL_ACCENT_COLOR_NAME = AccentColor;
				CODE_SIGN_STYLE = Automatic;
				CURRENT_PROJECT_VERSION = 1;
				DEVELOPMENT_ASSET_PATHS = "\"IAModel/Preview Content\"";
				ENABLE_PREVIEWS = YES;
				GENERATE_INFOPLIST_FILE = YES;
				INFOPLIST_KEY_UIApplicationSceneManifest_Generation = YES;
				INFOPLIST_KEY_UIApplicationSupportsIndirectInputEvents = YES;
				INFOPLIST_KEY_UILaunchScreen_Generation = YES;
				INFOPLIST_KEY_UISupportedInterfaceOrientations_iPad = "UIInterfaceOrientationPortrait UIInterfaceOrientationPortraitUpsideDown UIInterfaceOrientationLandscapeLeft UIInterfaceOrientationLandscapeRight";
				INFOPLIST_KEY_UISupportedInterfaceOrientations_iPhone = "UIInterfaceOrientationPortrait UIInterfaceOrientationLandscapeLeft UIInterfaceOrientationLandscapeRight";
				LD_RUNPATH_SEARCH_PATHS = (
					"$(inherited)",
					"@executable_path/Frameworks",
				);
				MARKETING_VERSION = 1.0;
				PRODUCT_BUNDLE_IDENTIFIER = humblots.IAModel;
				PRODUCT_NAME = "$(TARGET_NAME)";
				SWIFT_EMIT_LOC_STRINGS = YES;
				SWIFT_VERSION = 5.0;
				TARGETED_DEVICE_FAMILY = "1,2";
			};
			name = Debug;
		};
		40A720612B4EE39000B3836F /* Release */ = {
			isa = XCBuildConfiguration;
			buildSettings = {
				ASSETCATALOG_COMPILER_APPICON_NAME = AppIcon;
				ASSETCATALOG_COMPILER_GLOBAL_ACCENT_COLOR_NAME = AccentColor;
				CODE_SIGN_STYLE = Automatic;
				CURRENT_PROJECT_VERSION = 1;
				DEVELOPMENT_ASSET_PATHS = "\"IAModel/Preview Content\"";
				ENABLE_PREVIEWS = YES;
				GENERATE_INFOPLIST_FILE = YES;
				INFOPLIST_KEY_UIApplicationSceneManifest_Generation = YES;
				INFOPLIST_KEY_UIApplicationSupportsIndirectInputEvents = YES;
				INFOPLIST_KEY_UILaunchScreen_Generation = YES;
				INFOPLIST_KEY_UISupportedInterfaceOrientations_iPad = "UIInterfaceOrientationPortrait UIInterfaceOrientationPortraitUpsideDown UIInterfaceOrientationLandscapeLeft UIInterfaceOrientationLandscapeRight";
				INFOPLIST_KEY_UISupportedInterfaceOrientations_iPhone = "UIInterfaceOrientationPortrait UIInterfaceOrientationLandscapeLeft UIInterfaceOrientationLandscapeRight";
				LD_RUNPATH_SEARCH_PATHS = (
					"$(inherited)",
					"@executable_path/Frameworks",
				);
				MARKETING_VERSION = 1.0;
				PRODUCT_BUNDLE_IDENTIFIER = humblots.IAModel;
				PRODUCT_NAME = "$(TARGET_NAME)";
				SWIFT_EMIT_LOC_STRINGS = YES;
				SWIFT_VERSION = 5.0;
				TARGETED_DEVICE_FAMILY = "1,2";
			};
			name = Release;
		};
		40A720632B4EE39000B3836F /* Debug */ = {
			isa = XCBuildConfiguration;
			buildSettings = {
				ALWAYS_EMBED_SWIFT_STANDARD_LIBRARIES = YES;
				BUNDLE_LOADER = "$(TEST_HOST)";
				CODE_SIGN_STYLE = Automatic;
				CURRENT_PROJECT_VERSION = 1;
				GENERATE_INFOPLIST_FILE = YES;
				IPHONEOS_DEPLOYMENT_TARGET = 16.2;
				MARKETING_VERSION = 1.0;
				PRODUCT_BUNDLE_IDENTIFIER = humblots.IAModelTests;
				PRODUCT_NAME = "$(TARGET_NAME)";
				SWIFT_EMIT_LOC_STRINGS = NO;
				SWIFT_VERSION = 5.0;
				TARGETED_DEVICE_FAMILY = "1,2";
				TEST_HOST = "$(BUILT_PRODUCTS_DIR)/IAModel.app/$(BUNDLE_EXECUTABLE_FOLDER_PATH)/IAModel";
			};
			name = Debug;
		};
		40A720642B4EE39000B3836F /* Release */ = {
			isa = XCBuildConfiguration;
			buildSettings = {
				ALWAYS_EMBED_SWIFT_STANDARD_LIBRARIES = YES;
				BUNDLE_LOADER = "$(TEST_HOST)";
				CODE_SIGN_STYLE = Automatic;
				CURRENT_PROJECT_VERSION = 1;
				GENERATE_INFOPLIST_FILE = YES;
				IPHONEOS_DEPLOYMENT_TARGET = 16.2;
				MARKETING_VERSION = 1.0;
				PRODUCT_BUNDLE_IDENTIFIER = humblots.IAModelTests;
				PRODUCT_NAME = "$(TARGET_NAME)";
				SWIFT_EMIT_LOC_STRINGS = NO;
				SWIFT_VERSION = 5.0;
				TARGETED_DEVICE_FAMILY = "1,2";
				TEST_HOST = "$(BUILT_PRODUCTS_DIR)/IAModel.app/$(BUNDLE_EXECUTABLE_FOLDER_PATH)/IAModel";
			};
			name = Release;
		};
		40A720662B4EE39000B3836F /* Debug */ = {
			isa = XCBuildConfiguration;
			buildSettings = {
				ALWAYS_EMBED_SWIFT_STANDARD_LIBRARIES = YES;
				CODE_SIGN_STYLE = Automatic;
				CURRENT_PROJECT_VERSION = 1;
				GENERATE_INFOPLIST_FILE = YES;
				MARKETING_VERSION = 1.0;
				PRODUCT_BUNDLE_IDENTIFIER = humblots.IAModelUITests;
				PRODUCT_NAME = "$(TARGET_NAME)";
				SWIFT_EMIT_LOC_STRINGS = NO;
				SWIFT_VERSION = 5.0;
				TARGETED_DEVICE_FAMILY = "1,2";
				TEST_TARGET_NAME = IAModel;
			};
			name = Debug;
		};
		40A720672B4EE39000B3836F /* Release */ = {
			isa = XCBuildConfiguration;
			buildSettings = {
				ALWAYS_EMBED_SWIFT_STANDARD_LIBRARIES = YES;
				CODE_SIGN_STYLE = Automatic;
				CURRENT_PROJECT_VERSION = 1;
				GENERATE_INFOPLIST_FILE = YES;
				MARKETING_VERSION = 1.0;
				PRODUCT_BUNDLE_IDENTIFIER = humblots.IAModelUITests;
				PRODUCT_NAME = "$(TARGET_NAME)";
				SWIFT_EMIT_LOC_STRINGS = NO;
				SWIFT_VERSION = 5.0;
				TARGETED_DEVICE_FAMILY = "1,2";
				TEST_TARGET_NAME = IAModel;
			};
			name = Release;
		};
/* End XCBuildConfiguration section */

/* Begin XCConfigurationList section */
		40A720362B4EE38C00B3836F /* Build configuration list for PBXProject "IAModel" */ = {
			isa = XCConfigurationList;
			buildConfigurations = (
				40A7205D2B4EE39000B3836F /* Debug */,
				40A7205E2B4EE39000B3836F /* Release */,
			);
			defaultConfigurationIsVisible = 0;
			defaultConfigurationName = Release;
		};
		40A7205F2B4EE39000B3836F /* Build configuration list for PBXNativeTarget "IAModel" */ = {
			isa = XCConfigurationList;
			buildConfigurations = (
				40A720602B4EE39000B3836F /* Debug */,
				40A720612B4EE39000B3836F /* Release */,
			);
			defaultConfigurationIsVisible = 0;
			defaultConfigurationName = Release;
		};
		40A720622B4EE39000B3836F /* Build configuration list for PBXNativeTarget "IAModelTests" */ = {
			isa = XCConfigurationList;
			buildConfigurations = (
				40A720632B4EE39000B3836F /* Debug */,
				40A720642B4EE39000B3836F /* Release */,
			);
			defaultConfigurationIsVisible = 0;
			defaultConfigurationName = Release;
		};
		40A720652B4EE39000B3836F /* Build configuration list for PBXNativeTarget "IAModelUITests" */ = {
			isa = XCConfigurationList;
			buildConfigurations = (
				40A720662B4EE39000B3836F /* Debug */,
				40A720672B4EE39000B3836F /* Release */,
			);
			defaultConfigurationIsVisible = 0;
			defaultConfigurationName = Release;
		};
/* End XCConfigurationList section */
	};
	rootObject = 40A720332B4EE38C00B3836F /* Project object */;
}
